
Microsoft Visual Studio Solution File, Format Version 12.00
# Visual Studio 14
VisualStudioVersion = 14.0.24720.0
MinimumVisualStudioVersion = 10.0.40219.1
Project("{9A19103F-16F7-4668-BE54-9A1E7A4F7556}") = "PokeD.BattleEngine", "PokeD.BattleEngine.csproj", "{5BCC48C7-321B-4135-AE87-B49AD2C16CEA}"
EndProject
Global
	GlobalSection(SolutionConfigurationPlatforms) = preSolution
		Debug|Any CPU = Debug|Any CPU
		Release|Any CPU = Release|Any CPU
	EndGlobalSection
	GlobalSection(ProjectConfigurationPlatforms) = postSolution
		{5BCC48C7-321B-4135-AE87-B49AD2C16CEA}.Debug|Any CPU.ActiveCfg = Debug|Any CPU
		{5BCC48C7-321B-4135-AE87-B49AD2C16CEA}.Debug|Any CPU.Build.0 = Debug|Any CPU
		{5BCC48C7-321B-4135-AE87-B49AD2C16CEA}.Release|Any CPU.ActiveCfg = Release|Any CPU
		{5BCC48C7-321B-4135-AE87-B49AD2C16CEA}.Release|Any CPU.Build.0 = Release|Any CPU
	EndGlobalSection
	GlobalSection(SolutionProperties) = preSolution
		HideSolutionNode = FALSE
	EndGlobalSection
	GlobalSection(ExtensibilityGlobals) = postSolution
		SolutionGuid = {79873A4E-8DBE-42C9-98F8-F57BC28B820D}
	EndGlobalSection
EndGlobal
